// !$*UTF8*$!
{
	archiveVersion = 1;
	classes = {
	};
	objectVersion = 46;
	objects = {

/* Begin PBXBuildFile section */
		2C2A381519AA16BD00F08CB9 /* AppDelegate.swift in Sources */ = {isa = PBXBuildFile; fileRef = 2C2A381419AA16BD00F08CB9 /* AppDelegate.swift */; };
		2C2A381819AA16BD00F08CB9 /* meinRabatt.xcdatamodeld in Sources */ = {isa = PBXBuildFile; fileRef = 2C2A381619AA16BD00F08CB9 /* meinRabatt.xcdatamodeld */; };
		2C2A381A19AA16BD00F08CB9 /* ViewController.swift in Sources */ = {isa = PBXBuildFile; fileRef = 2C2A381919AA16BD00F08CB9 /* ViewController.swift */; };
		2C2A381D19AA16BD00F08CB9 /* Main.storyboard in Resources */ = {isa = PBXBuildFile; fileRef = 2C2A381B19AA16BD00F08CB9 /* Main.storyboard */; };
		2C2A381F19AA16BD00F08CB9 /* Images.xcassets in Resources */ = {isa = PBXBuildFile; fileRef = 2C2A381E19AA16BD00F08CB9 /* Images.xcassets */; };
		2C2A382B19AA16BD00F08CB9 /* meinRabattTests.swift in Sources */ = {isa = PBXBuildFile; fileRef = 2C2A382A19AA16BD00F08CB9 /* meinRabattTests.swift */; };
		2C2A383519AA240C00F08CB9 /* shopTableViewCell.swift in Sources */ = {isa = PBXBuildFile; fileRef = 2C2A383419AA240C00F08CB9 /* shopTableViewCell.swift */; };
		2C2A383919AA2AE500F08CB9 /* shopTableViewController.swift in Sources */ = {isa = PBXBuildFile; fileRef = 2C2A383819AA2AE500F08CB9 /* shopTableViewController.swift */; };
		2C2A383B19AA628700F08CB9 /* XMLParser.swift in Sources */ = {isa = PBXBuildFile; fileRef = 2C2A383A19AA628700F08CB9 /* XMLParser.swift */; };
		2C2A383D19ABBC8800F08CB9 /* saveData.swift in Sources */ = {isa = PBXBuildFile; fileRef = 2C2A383C19ABBC8800F08CB9 /* saveData.swift */; };
		2C2A384019ABBE8600F08CB9 /* Shops.swift in Sources */ = {isa = PBXBuildFile; fileRef = 2C2A383F19ABBE8600F08CB9 /* Shops.swift */; };
		2C2A384219ABBE8700F08CB9 /* Coupons.swift in Sources */ = {isa = PBXBuildFile; fileRef = 2C2A384119ABBE8700F08CB9 /* Coupons.swift */; };
		2CCBBA0C19AD0C17002E8929 /* Updates.swift in Sources */ = {isa = PBXBuildFile; fileRef = 2CCBBA0B19AD0C17002E8929 /* Updates.swift */; };
/* End PBXBuildFile section */

/* Begin PBXContainerItemProxy section */
		2C2A382519AA16BD00F08CB9 /* PBXContainerItemProxy */ = {
			isa = PBXContainerItemProxy;
			containerPortal = 2C2A380719AA16BD00F08CB9 /* Project object */;
			proxyType = 1;
			remoteGlobalIDString = 2C2A380E19AA16BD00F08CB9;
			remoteInfo = meinRabatt;
		};
/* End PBXContainerItemProxy section */

/* Begin PBXFileReference section */
		2C2A380F19AA16BD00F08CB9 /* meinRabatt.app */ = {isa = PBXFileReference; explicitFileType = wrapper.application; includeInIndex = 0; path = meinRabatt.app; sourceTree = BUILT_PRODUCTS_DIR; };
		2C2A381319AA16BD00F08CB9 /* Info.plist */ = {isa = PBXFileReference; lastKnownFileType = text.plist.xml; path = Info.plist; sourceTree = "<group>"; };
		2C2A381419AA16BD00F08CB9 /* AppDelegate.swift */ = {isa = PBXFileReference; lastKnownFileType = sourcecode.swift; path = AppDelegate.swift; sourceTree = "<group>"; };
		2C2A381719AA16BD00F08CB9 /* meinRabatt.xcdatamodel */ = {isa = PBXFileReference; lastKnownFileType = wrapper.xcdatamodel; path = meinRabatt.xcdatamodel; sourceTree = "<group>"; };
		2C2A381919AA16BD00F08CB9 /* ViewController.swift */ = {isa = PBXFileReference; lastKnownFileType = sourcecode.swift; path = ViewController.swift; sourceTree = "<group>"; };
		2C2A381C19AA16BD00F08CB9 /* Base */ = {isa = PBXFileReference; lastKnownFileType = file.storyboard; name = Base; path = Base.lproj/Main.storyboard; sourceTree = "<group>"; };
		2C2A381E19AA16BD00F08CB9 /* Images.xcassets */ = {isa = PBXFileReference; lastKnownFileType = folder.assetcatalog; path = Images.xcassets; sourceTree = "<group>"; };
		2C2A382419AA16BD00F08CB9 /* meinRabattTests.xctest */ = {isa = PBXFileReference; explicitFileType = wrapper.cfbundle; includeInIndex = 0; path = meinRabattTests.xctest; sourceTree = BUILT_PRODUCTS_DIR; };
		2C2A382919AA16BD00F08CB9 /* Info.plist */ = {isa = PBXFileReference; lastKnownFileType = text.plist.xml; path = Info.plist; sourceTree = "<group>"; };
		2C2A382A19AA16BD00F08CB9 /* meinRabattTests.swift */ = {isa = PBXFileReference; lastKnownFileType = sourcecode.swift; path = meinRabattTests.swift; sourceTree = "<group>"; };
		2C2A383419AA240C00F08CB9 /* shopTableViewCell.swift */ = {isa = PBXFileReference; fileEncoding = 4; lastKnownFileType = sourcecode.swift; path = shopTableViewCell.swift; sourceTree = "<group>"; };
		2C2A383819AA2AE500F08CB9 /* shopTableViewController.swift */ = {isa = PBXFileReference; fileEncoding = 4; lastKnownFileType = sourcecode.swift; path = shopTableViewController.swift; sourceTree = "<group>"; };
		2C2A383A19AA628700F08CB9 /* XMLParser.swift */ = {isa = PBXFileReference; fileEncoding = 4; lastKnownFileType = sourcecode.swift; path = XMLParser.swift; sourceTree = "<group>"; };
		2C2A383C19ABBC8800F08CB9 /* saveData.swift */ = {isa = PBXFileReference; fileEncoding = 4; lastKnownFileType = sourcecode.swift; path = saveData.swift; sourceTree = "<group>"; };
		2C2A383E19ABBE8500F08CB9 /* meinRabatt-Bridging-Header.h */ = {isa = PBXFileReference; lastKnownFileType = sourcecode.c.h; path = "meinRabatt-Bridging-Header.h"; sourceTree = "<group>"; };
		2C2A383F19ABBE8600F08CB9 /* Shops.swift */ = {isa = PBXFileReference; fileEncoding = 4; lastKnownFileType = sourcecode.swift; path = Shops.swift; sourceTree = "<group>"; };
		2C2A384119ABBE8700F08CB9 /* Coupons.swift */ = {isa = PBXFileReference; fileEncoding = 4; lastKnownFileType = sourcecode.swift; path = Coupons.swift; sourceTree = "<group>"; };
		2CCBBA0B19AD0C17002E8929 /* Updates.swift */ = {isa = PBXFileReference; fileEncoding = 4; lastKnownFileType = sourcecode.swift; path = Updates.swift; sourceTree = "<group>"; };
/* End PBXFileReference section */

/* Begin PBXFrameworksBuildPhase section */
		2C2A380C19AA16BD00F08CB9 /* Frameworks */ = {
			isa = PBXFrameworksBuildPhase;
			buildActionMask = 2147483647;
			files = (
			);
			runOnlyForDeploymentPostprocessing = 0;
		};
		2C2A382119AA16BD00F08CB9 /* Frameworks */ = {
			isa = PBXFrameworksBuildPhase;
			buildActionMask = 2147483647;
			files = (
			);
			runOnlyForDeploymentPostprocessing = 0;
		};
/* End PBXFrameworksBuildPhase section */

/* Begin PBXGroup section */
		2C2A380619AA16BD00F08CB9 = {
			isa = PBXGroup;
			children = (
				2C2A381119AA16BD00F08CB9 /* meinRabatt */,
				2C2A382719AA16BD00F08CB9 /* meinRabattTests */,
				2C2A381019AA16BD00F08CB9 /* Products */,
			);
			sourceTree = "<group>";
		};
		2C2A381019AA16BD00F08CB9 /* Products */ = {
			isa = PBXGroup;
			children = (
				2C2A380F19AA16BD00F08CB9 /* meinRabatt.app */,
				2C2A382419AA16BD00F08CB9 /* meinRabattTests.xctest */,
			);
			name = Products;
			sourceTree = "<group>";
		};
		2C2A381119AA16BD00F08CB9 /* meinRabatt */ = {
			isa = PBXGroup;
			children = (
				2C2A381419AA16BD00F08CB9 /* AppDelegate.swift */,
				2C2A381919AA16BD00F08CB9 /* ViewController.swift */,
				2C2A381B19AA16BD00F08CB9 /* Main.storyboard */,
				2C2A383819AA2AE500F08CB9 /* shopTableViewController.swift */,
				2C2A383C19ABBC8800F08CB9 /* saveData.swift */,
				2C2A383A19AA628700F08CB9 /* XMLParser.swift */,
				2C2A383419AA240C00F08CB9 /* shopTableViewCell.swift */,
				2C2A381E19AA16BD00F08CB9 /* Images.xcassets */,
				2C2A381619AA16BD00F08CB9 /* meinRabatt.xcdatamodeld */,
				2CCBBA0B19AD0C17002E8929 /* Updates.swift */,
				2C2A384119ABBE8700F08CB9 /* Coupons.swift */,
				2C2A383F19ABBE8600F08CB9 /* Shops.swift */,
				2C2A381219AA16BD00F08CB9 /* Supporting Files */,
				2C2A383E19ABBE8500F08CB9 /* meinRabatt-Bridging-Header.h */,
			);
			path = meinRabatt;
			sourceTree = "<group>";
		};
		2C2A381219AA16BD00F08CB9 /* Supporting Files */ = {
			isa = PBXGroup;
			children = (
				2C2A381319AA16BD00F08CB9 /* Info.plist */,
			);
			name = "Supporting Files";
			sourceTree = "<group>";
		};
		2C2A382719AA16BD00F08CB9 /* meinRabattTests */ = {
			isa = PBXGroup;
			children = (
				2C2A382A19AA16BD00F08CB9 /* meinRabattTests.swift */,
				2C2A382819AA16BD00F08CB9 /* Supporting Files */,
			);
			path = meinRabattTests;
			sourceTree = "<group>";
		};
		2C2A382819AA16BD00F08CB9 /* Supporting Files */ = {
			isa = PBXGroup;
			children = (
				2C2A382919AA16BD00F08CB9 /* Info.plist */,
			);
			name = "Supporting Files";
			sourceTree = "<group>";
		};
/* End PBXGroup section */

/* Begin PBXNativeTarget section */
		2C2A380E19AA16BD00F08CB9 /* meinRabatt */ = {
			isa = PBXNativeTarget;
			buildConfigurationList = 2C2A382E19AA16BD00F08CB9 /* Build configuration list for PBXNativeTarget "meinRabatt" */;
			buildPhases = (
				2C2A380B19AA16BD00F08CB9 /* Sources */,
				2C2A380C19AA16BD00F08CB9 /* Frameworks */,
				2C2A380D19AA16BD00F08CB9 /* Resources */,
			);
			buildRules = (
			);
			dependencies = (
			);
			name = meinRabatt;
			productName = meinRabatt;
			productReference = 2C2A380F19AA16BD00F08CB9 /* meinRabatt.app */;
			productType = "com.apple.product-type.application";
		};
		2C2A382319AA16BD00F08CB9 /* meinRabattTests */ = {
			isa = PBXNativeTarget;
			buildConfigurationList = 2C2A383119AA16BD00F08CB9 /* Build configuration list for PBXNativeTarget "meinRabattTests" */;
			buildPhases = (
				2C2A382019AA16BD00F08CB9 /* Sources */,
				2C2A382119AA16BD00F08CB9 /* Frameworks */,
				2C2A382219AA16BD00F08CB9 /* Resources */,
			);
			buildRules = (
			);
			dependencies = (
				2C2A382619AA16BD00F08CB9 /* PBXTargetDependency */,
			);
			name = meinRabattTests;
			productName = meinRabattTests;
			productReference = 2C2A382419AA16BD00F08CB9 /* meinRabattTests.xctest */;
			productType = "com.apple.product-type.bundle.unit-test";
		};
/* End PBXNativeTarget section */

/* Begin PBXProject section */
		2C2A380719AA16BD00F08CB9 /* Project object */ = {
			isa = PBXProject;
			attributes = {
				LastUpgradeCheck = 0600;
				ORGANIZATIONNAME = Schilum23;
				TargetAttributes = {
					2C2A380E19AA16BD00F08CB9 = {
						CreatedOnToolsVersion = 6.0;
					};
					2C2A382319AA16BD00F08CB9 = {
						CreatedOnToolsVersion = 6.0;
						TestTargetID = 2C2A380E19AA16BD00F08CB9;
					};
				};
			};
			buildConfigurationList = 2C2A380A19AA16BD00F08CB9 /* Build configuration list for PBXProject "meinRabatt" */;
			compatibilityVersion = "Xcode 3.2";
			developmentRegion = English;
			hasScannedForEncodings = 0;
			knownRegions = (
				en,
				Base,
			);
			mainGroup = 2C2A380619AA16BD00F08CB9;
			productRefGroup = 2C2A381019AA16BD00F08CB9 /* Products */;
			projectDirPath = "";
			projectRoot = "";
			targets = (
				2C2A380E19AA16BD00F08CB9 /* meinRabatt */,
				2C2A382319AA16BD00F08CB9 /* meinRabattTests */,
			);
		};
/* End PBXProject section */

/* Begin PBXResourcesBuildPhase section */
		2C2A380D19AA16BD00F08CB9 /* Resources */ = {
			isa = PBXResourcesBuildPhase;
			buildActionMask = 2147483647;
			files = (
				2C2A381D19AA16BD00F08CB9 /* Main.storyboard in Resources */,
				2C2A381F19AA16BD00F08CB9 /* Images.xcassets in Resources */,
			);
			runOnlyForDeploymentPostprocessing = 0;
		};
		2C2A382219AA16BD00F08CB9 /* Resources */ = {
			isa = PBXResourcesBuildPhase;
			buildActionMask = 2147483647;
			files = (
			);
			runOnlyForDeploymentPostprocessing = 0;
		};
/* End PBXResourcesBuildPhase section */

/* Begin PBXSourcesBuildPhase section */
		2C2A380B19AA16BD00F08CB9 /* Sources */ = {
			isa = PBXSourcesBuildPhase;
			buildActionMask = 2147483647;
			files = (
				2C2A381A19AA16BD00F08CB9 /* ViewController.swift in Sources */,
				2C2A381819AA16BD00F08CB9 /* meinRabatt.xcdatamodeld in Sources */,
				2C2A383B19AA628700F08CB9 /* XMLParser.swift in Sources */,
				2C2A384019ABBE8600F08CB9 /* Shops.swift in Sources */,
				2CCBBA0C19AD0C17002E8929 /* Updates.swift in Sources */,
				2C2A384219ABBE8700F08CB9 /* Coupons.swift in Sources */,
				2C2A383D19ABBC8800F08CB9 /* saveData.swift in Sources */,
				2C2A381519AA16BD00F08CB9 /* AppDelegate.swift in Sources */,
				2C2A383519AA240C00F08CB9 /* shopTableViewCell.swift in Sources */,
				2C2A383919AA2AE500F08CB9 /* shopTableViewController.swift in Sources */,
			);
			runOnlyForDeploymentPostprocessing = 0;
		};
		2C2A382019AA16BD00F08CB9 /* Sources */ = {
			isa = PBXSourcesBuildPhase;
			buildActionMask = 2147483647;
			files = (
				2C2A382B19AA16BD00F08CB9 /* meinRabattTests.swift in Sources */,
			);
			runOnlyForDeploymentPostprocessing = 0;
		};
/* End PBXSourcesBuildPhase section */

/* Begin PBXTargetDependency section */
		2C2A382619AA16BD00F08CB9 /* PBXTargetDependency */ = {
			isa = PBXTargetDependency;
			target = 2C2A380E19AA16BD00F08CB9 /* meinRabatt */;
			targetProxy = 2C2A382519AA16BD00F08CB9 /* PBXContainerItemProxy */;
		};
/* End PBXTargetDependency section */

/* Begin PBXVariantGroup section */
		2C2A381B19AA16BD00F08CB9 /* Main.storyboard */ = {
			isa = PBXVariantGroup;
			children = (
				2C2A381C19AA16BD00F08CB9 /* Base */,
			);
			name = Main.storyboard;
			sourceTree = "<group>";
		};
/* End PBXVariantGroup section */

/* Begin XCBuildConfiguration section */
		2C2A382C19AA16BD00F08CB9 /* Debug */ = {
			isa = XCBuildConfiguration;
			buildSettings = {
				ALWAYS_SEARCH_USER_PATHS = NO;
				CLANG_CXX_LANGUAGE_STANDARD = "gnu++0x";
				CLANG_CXX_LIBRARY = "libc++";
				CLANG_ENABLE_MODULES = YES;
				CLANG_ENABLE_OBJC_ARC = YES;
				CLANG_WARN_BOOL_CONVERSION = YES;
				CLANG_WARN_CONSTANT_CONVERSION = YES;
				CLANG_WARN_DIRECT_OBJC_ISA_USAGE = YES_ERROR;
				CLANG_WARN_EMPTY_BODY = YES;
				CLANG_WARN_ENUM_CONVERSION = YES;
				CLANG_WARN_INT_CONVERSION = YES;
				CLANG_WARN_OBJC_ROOT_CLASS = YES_ERROR;
				CLANG_WARN_UNREACHABLE_CODE = YES;
				CLANG_WARN__DUPLICATE_METHOD_MATCH = YES;
				"CODE_SIGN_IDENTITY[sdk=iphoneos*]" = "iPhone Developer";
				COPY_PHASE_STRIP = NO;
				ENABLE_STRICT_OBJC_MSGSEND = YES;
				GCC_C_LANGUAGE_STANDARD = gnu99;
				GCC_DYNAMIC_NO_PIC = NO;
				GCC_OPTIMIZATION_LEVEL = 0;
				GCC_PREPROCESSOR_DEFINITIONS = (
					"DEBUG=1",
					"$(inherited)",
				);
				GCC_SYMBOLS_PRIVATE_EXTERN = NO;
				GCC_WARN_64_TO_32_BIT_CONVERSION = YES;
				GCC_WARN_ABOUT_RETURN_TYPE = YES_ERROR;
				GCC_WARN_UNDECLARED_SELECTOR = YES;
				GCC_WARN_UNINITIALIZED_AUTOS = YES_AGGRESSIVE;
				GCC_WARN_UNUSED_FUNCTION = YES;
				GCC_WARN_UNUSED_VARIABLE = YES;
				IPHONEOS_DEPLOYMENT_TARGET = 8.0;
				MTL_ENABLE_DEBUG_INFO = YES;
				ONLY_ACTIVE_ARCH = YES;
				SDKROOT = iphoneos;
				SWIFT_OPTIMIZATION_LEVEL = "-Onone";
			};
			name = Debug;
		};
		2C2A382D19AA16BD00F08CB9 /* Release */ = {
			isa = XCBuildConfiguration;
			buildSettings = {
				ALWAYS_SEARCH_USER_PATHS = NO;
				CLANG_CXX_LANGUAGE_STANDARD = "gnu++0x";
				CLANG_CXX_LIBRARY = "libc++";
				CLANG_ENABLE_MODULES = YES;
				CLANG_ENABLE_OBJC_ARC = YES;
				CLANG_WARN_BOOL_CONVERSION = YES;
				CLANG_WARN_CONSTANT_CONVERSION = YES;
				CLANG_WARN_DIRECT_OBJC_ISA_USAGE = YES_ERROR;
				CLANG_WARN_EMPTY_BODY = YES;
				CLANG_WARN_ENUM_CONVERSION = YES;
				CLANG_WARN_INT_CONVERSION = YES;
				CLANG_WARN_OBJC_ROOT_CLASS = YES_ERROR;
				CLANG_WARN_UNREACHABLE_CODE = YES;
				CLANG_WARN__DUPLICATE_METHOD_MATCH = YES;
				"CODE_SIGN_IDENTITY[sdk=iphoneos*]" = "iPhone Developer";
				COPY_PHASE_STRIP = YES;
				ENABLE_NS_ASSERTIONS = NO;
				ENABLE_STRICT_OBJC_MSGSEND = YES;
				GCC_C_LANGUAGE_STANDARD = gnu99;
				GCC_WARN_64_TO_32_BIT_CONVERSION = YES;
				GCC_WARN_ABOUT_RETURN_TYPE = YES_ERROR;
				GCC_WARN_UNDECLARED_SELECTOR = YES;
				GCC_WARN_UNINITIALIZED_AUTOS = YES_AGGRESSIVE;
				GCC_WARN_UNUSED_FUNCTION = YES;
				GCC_WARN_UNUSED_VARIABLE = YES;
				IPHONEOS_DEPLOYMENT_TARGET = 8.0;
				MTL_ENABLE_DEBUG_INFO = NO;
				SDKROOT = iphoneos;
				VALIDATE_PRODUCT = YES;
			};
			name = Release;
		};
		2C2A382F19AA16BD00F08CB9 /* Debug */ = {
			isa = XCBuildConfiguration;
			buildSettings = {
				ASSETCATALOG_COMPILER_APPICON_NAME = AppIcon;
				ASSETCATALOG_COMPILER_LAUNCHIMAGE_NAME = LaunchImage;
				CLANG_ENABLE_MODULES = YES;
				INFOPLIST_FILE = meinRabatt/Info.plist;
				LD_RUNPATH_SEARCH_PATHS = "$(inherited) @executable_path/Frameworks";
				PRODUCT_NAME = "$(TARGET_NAME)";
				SWIFT_OBJC_BRIDGING_HEADER = "meinRabatt/meinRabatt-Bridging-Header.h";
				SWIFT_OPTIMIZATION_LEVEL = "-Onone";
			};
			name = Debug;
		};
		2C2A383019AA16BD00F08CB9 /* Release */ = {
			isa = XCBuildConfiguration;
			buildSettings = {
				ASSETCATALOG_COMPILER_APPICON_NAME = AppIcon;
				ASSETCATALOG_COMPILER_LAUNCHIMAGE_NAME = LaunchImage;
				CLANG_ENABLE_MODULES = YES;
				INFOPLIST_FILE = meinRabatt/Info.plist;
				LD_RUNPATH_SEARCH_PATHS = "$(inherited) @executable_path/Frameworks";
				PRODUCT_NAME = "$(TARGET_NAME)";
				SWIFT_OBJC_BRIDGING_HEADER = "meinRabatt/meinRabatt-Bridging-Header.h";
			};
			name = Release;
		};
		2C2A383219AA16BD00F08CB9 /* Debug */ = {
			isa = XCBuildConfiguration;
			buildSettings = {
				BUNDLE_LOADER = "$(TEST_HOST)";
				FRAMEWORK_SEARCH_PATHS = (
					"$(SDKROOT)/Developer/Library/Frameworks",
					"$(inherited)",
				);
				GCC_PREPROCESSOR_DEFINITIONS = (
					"DEBUG=1",
					"$(inherited)",
				);
				INFOPLIST_FILE = meinRabattTests/Info.plist;
				LD_RUNPATH_SEARCH_PATHS = "$(inherited) @executable_path/Frameworks @loader_path/Frameworks";
				PRODUCT_NAME = "$(TARGET_NAME)";
				TEST_HOST = "$(BUILT_PRODUCTS_DIR)/meinRabatt.app/meinRabatt";
			};
			name = Debug;
		};
		2C2A383319AA16BD00F08CB9 /* Release */ = {
			isa = XCBuildConfiguration;
			buildSettings = {
				BUNDLE_LOADER = "$(TEST_HOST)";
				FRAMEWORK_SEARCH_PATHS = (
					"$(SDKROOT)/Developer/Library/Frameworks",
					"$(inherited)",
				);
				INFOPLIST_FILE = meinRabattTests/Info.plist;
				LD_RUNPATH_SEARCH_PATHS = "$(inherited) @executable_path/Frameworks @loader_path/Frameworks";
				PRODUCT_NAME = "$(TARGET_NAME)";
				TEST_HOST = "$(BUILT_PRODUCTS_DIR)/meinRabatt.app/meinRabatt";
			};
			name = Release;
		};
/* End XCBuildConfiguration section */

/* Begin XCConfigurationList section */
		2C2A380A19AA16BD00F08CB9 /* Build configuration list for PBXProject "meinRabatt" */ = {
			isa = XCConfigurationList;
			buildConfigurations = (
				2C2A382C19AA16BD00F08CB9 /* Debug */,
				2C2A382D19AA16BD00F08CB9 /* Release */,
			);
			defaultConfigurationIsVisible = 0;
			defaultConfigurationName = Release;
		};
		2C2A382E19AA16BD00F08CB9 /* Build configuration list for PBXNativeTarget "meinRabatt" */ = {
			isa = XCConfigurationList;
			buildConfigurations = (
				2C2A382F19AA16BD00F08CB9 /* Debug */,
				2C2A383019AA16BD00F08CB9 /* Release */,
			);
			defaultConfigurationIsVisible = 0;
			defaultConfigurationName = Release;
		};
		2C2A383119AA16BD00F08CB9 /* Build configuration list for PBXNativeTarget "meinRabattTests" */ = {
			isa = XCConfigurationList;
			buildConfigurations = (
				2C2A383219AA16BD00F08CB9 /* Debug */,
				2C2A383319AA16BD00F08CB9 /* Release */,
			);
			defaultConfigurationIsVisible = 0;
			defaultConfigurationName = Release;
		};
/* End XCConfigurationList section */

/* Begin XCVersionGroup section */
		2C2A381619AA16BD00F08CB9 /* meinRabatt.xcdatamodeld */ = {
			isa = XCVersionGroup;
			children = (
				2C2A381719AA16BD00F08CB9 /* meinRabatt.xcdatamodel */,
			);
			currentVersion = 2C2A381719AA16BD00F08CB9 /* meinRabatt.xcdatamodel */;
			path = meinRabatt.xcdatamodeld;
			sourceTree = "<group>";
			versionGroupType = wrapper.xcdatamodel;
		};
/* End XCVersionGroup section */
	};
	rootObject = 2C2A380719AA16BD00F08CB9 /* Project object */;
}
